
Microsoft Visual Studio Solution File, Format Version 12.00
# Visual Studio 2012
Project("{00D1A9C2-B5F0-4AF3-8072-F6C62B433612}") = "YourSqlDba_ClrFileOp", "YourSqlDba_ClrFileOp.sqlproj", "{AAD0070B-60F2-4FEF-A0D5-1FB49EE84B9E}"
EndProject
Global
	GlobalSection(TeamFoundationVersionControl) = preSolution
		SccNumberOfProjects = 2
		SccEnterpriseProvider = {4CA58AB2-18FA-4F8D-95D4-32DDF27D184C}
		SccTeamFoundationServer = http://tfs.grics.qc.ca:8080/tfs/grics
		SccLocalPath0 = .
		SccProjectUniqueName1 = YourSqlDba_ClrFileOp.sqlproj
		SccLocalPath1 = .
	EndGlobalSection
	GlobalSection(SolutionConfigurationPlatforms) = preSolution
		Debug|Any CPU = Debug|Any CPU
		Release|Any CPU = Release|Any CPU
	EndGlobalSection
	GlobalSection(ProjectConfigurationPlatforms) = postSolution
		{AAD0070B-60F2-4FEF-A0D5-1FB49EE84B9E}.Debug|Any CPU.ActiveCfg = Debug|Any CPU
		{AAD0070B-60F2-4FEF-A0D5-1FB49EE84B9E}.Debug|Any CPU.Build.0 = Debug|Any CPU
		{AAD0070B-60F2-4FEF-A0D5-1FB49EE84B9E}.Debug|Any CPU.Deploy.0 = Debug|Any CPU
		{AAD0070B-60F2-4FEF-A0D5-1FB49EE84B9E}.Release|Any CPU.ActiveCfg = Release|Any CPU
		{AAD0070B-60F2-4FEF-A0D5-1FB49EE84B9E}.Release|Any CPU.Build.0 = Release|Any CPU
		{AAD0070B-60F2-4FEF-A0D5-1FB49EE84B9E}.Release|Any CPU.Deploy.0 = Release|Any CPU
	EndGlobalSection
	GlobalSection(SolutionProperties) = preSolution
		HideSolutionNode = FALSE
	EndGlobalSection
EndGlobal
